// !$*UTF8*$!
{
	archiveVersion = 1;
	classes = {
	};
	objectVersion = 52;
	objects = {

/* Begin PBXBuildFile section */
		5B51A02E286704380066A461 /* Movie.swift in Sources */ = {isa = PBXBuildFile; fileRef = 5B51A02D286704380066A461 /* Movie.swift */; };
		5B51A0312867A2BA0066A461 /* DownloaderClient.swift in Sources */ = {isa = PBXBuildFile; fileRef = 5B51A0302867A2BA0066A461 /* DownloaderClient.swift */; };
		5B71C036286B21D800CE35A5 /* Kingfisher in Frameworks */ = {isa = PBXBuildFile; productRef = 5B71C035286B21D800CE35A5 /* Kingfisher */; };
		5B71C039286B239400CE35A5 /* Kingfisher in Frameworks */ = {isa = PBXBuildFile; productRef = 5B71C038286B239400CE35A5 /* Kingfisher */; };
		5BC075CE2869F040003EF429 /* MovieDetailModel.swift in Sources */ = {isa = PBXBuildFile; fileRef = 5BC075CD2869F040003EF429 /* MovieDetailModel.swift */; };
		5BC075D0286A0D2B003EF429 /* MovieDetailViewModel.swift in Sources */ = {isa = PBXBuildFile; fileRef = 5BC075CF286A0D2B003EF429 /* MovieDetailViewModel.swift */; };
		5BC075D2286A2817003EF429 /* DetailView.swift in Sources */ = {isa = PBXBuildFile; fileRef = 5BC075D1286A2817003EF429 /* DetailView.swift */; };
		B51851AD28742B8C004D6C43 /* TestFile.swift in Sources */ = {isa = PBXBuildFile; fileRef = B51851AC28742B8C004D6C43 /* TestFile.swift */; };
		B5325A492869D2860020D485 /* SearchBar.swift in Sources */ = {isa = PBXBuildFile; fileRef = B5325A482869D2860020D485 /* SearchBar.swift */; };
		B58DBAF72865C90000608EC4 /* MoviesApp.swift in Sources */ = {isa = PBXBuildFile; fileRef = B58DBAF62865C90000608EC4 /* MoviesApp.swift */; };
		B58DBAF92865C90000608EC4 /* ContentView.swift in Sources */ = {isa = PBXBuildFile; fileRef = B58DBAF82865C90000608EC4 /* ContentView.swift */; };
		B58DBAFB2865C90C00608EC4 /* Assets.xcassets in Resources */ = {isa = PBXBuildFile; fileRef = B58DBAFA2865C90C00608EC4 /* Assets.xcassets */; };
		B58DBAFE2865C90C00608EC4 /* Preview Assets.xcassets in Resources */ = {isa = PBXBuildFile; fileRef = B58DBAFD2865C90C00608EC4 /* Preview Assets.xcassets */; };
		B58DBB092865C90C00608EC4 /* MoviesTests.swift in Sources */ = {isa = PBXBuildFile; fileRef = B58DBB082865C90C00608EC4 /* MoviesTests.swift */; };
		B58DBB142865C90C00608EC4 /* MoviesUITests.swift in Sources */ = {isa = PBXBuildFile; fileRef = B58DBB132865C90C00608EC4 /* MoviesUITests.swift */; };
		B5C083D82869A87600F18A28 /* MovieListViewModel.swift in Sources */ = {isa = PBXBuildFile; fileRef = B5C083D72869A87600F18A28 /* MovieListViewModel.swift */; };
		B5C083E42869B10600F18A28 /* MoviesAPI.swift in Sources */ = {isa = PBXBuildFile; fileRef = B5C083E32869B10600F18A28 /* MoviesAPI.swift */; };
		B5C083E92869C36400F18A28 /* MovieListView.swift in Sources */ = {isa = PBXBuildFile; fileRef = B5C083E82869C36400F18A28 /* MovieListView.swift */; };
		B5C083EE2869C60C00F18A28 /* URLImage.swift in Sources */ = {isa = PBXBuildFile; fileRef = B5C083ED2869C60C00F18A28 /* URLImage.swift */; };
		B5C4322A286DD7BD00BA8DD5 /* FilterView.swift in Sources */ = {isa = PBXBuildFile; fileRef = B5C43229286DD7BD00BA8DD5 /* FilterView.swift */; };
/* End PBXBuildFile section */

/* Begin PBXContainerItemProxy section */
		B58DBB052865C90C00608EC4 /* PBXContainerItemProxy */ = {
			isa = PBXContainerItemProxy;
			containerPortal = B58DBAEB2865C90000608EC4 /* Project object */;
			proxyType = 1;
			remoteGlobalIDString = B58DBAF22865C90000608EC4;
			remoteInfo = Movies;
		};
		B58DBB102865C90C00608EC4 /* PBXContainerItemProxy */ = {
			isa = PBXContainerItemProxy;
			containerPortal = B58DBAEB2865C90000608EC4 /* Project object */;
			proxyType = 1;
			remoteGlobalIDString = B58DBAF22865C90000608EC4;
			remoteInfo = Movies;
		};
/* End PBXContainerItemProxy section */

/* Begin PBXFileReference section */
		5B51A02D286704380066A461 /* Movie.swift */ = {isa = PBXFileReference; lastKnownFileType = sourcecode.swift; path = Movie.swift; sourceTree = "<group>"; };
		5B51A0302867A2BA0066A461 /* DownloaderClient.swift */ = {isa = PBXFileReference; lastKnownFileType = sourcecode.swift; path = DownloaderClient.swift; sourceTree = "<group>"; };
		5BC075CD2869F040003EF429 /* MovieDetailModel.swift */ = {isa = PBXFileReference; lastKnownFileType = sourcecode.swift; path = MovieDetailModel.swift; sourceTree = "<group>"; };
		5BC075CF286A0D2B003EF429 /* MovieDetailViewModel.swift */ = {isa = PBXFileReference; lastKnownFileType = sourcecode.swift; path = MovieDetailViewModel.swift; sourceTree = "<group>"; };
		5BC075D1286A2817003EF429 /* DetailView.swift */ = {isa = PBXFileReference; lastKnownFileType = sourcecode.swift; path = DetailView.swift; sourceTree = "<group>"; };
		B51851AC28742B8C004D6C43 /* TestFile.swift */ = {isa = PBXFileReference; lastKnownFileType = sourcecode.swift; path = TestFile.swift; sourceTree = "<group>"; };
		B5325A482869D2860020D485 /* SearchBar.swift */ = {isa = PBXFileReference; lastKnownFileType = sourcecode.swift; path = SearchBar.swift; sourceTree = "<group>"; };
		B58DBAF32865C90000608EC4 /* Movies.app */ = {isa = PBXFileReference; explicitFileType = wrapper.application; includeInIndex = 0; path = Movies.app; sourceTree = BUILT_PRODUCTS_DIR; };
		B58DBAF62865C90000608EC4 /* MoviesApp.swift */ = {isa = PBXFileReference; lastKnownFileType = sourcecode.swift; path = MoviesApp.swift; sourceTree = "<group>"; };
		B58DBAF82865C90000608EC4 /* ContentView.swift */ = {isa = PBXFileReference; lastKnownFileType = sourcecode.swift; path = ContentView.swift; sourceTree = "<group>"; };
		B58DBAFA2865C90C00608EC4 /* Assets.xcassets */ = {isa = PBXFileReference; lastKnownFileType = folder.assetcatalog; path = Assets.xcassets; sourceTree = "<group>"; };
		B58DBAFD2865C90C00608EC4 /* Preview Assets.xcassets */ = {isa = PBXFileReference; lastKnownFileType = folder.assetcatalog; path = "Preview Assets.xcassets"; sourceTree = "<group>"; };
		B58DBAFF2865C90C00608EC4 /* Info.plist */ = {isa = PBXFileReference; lastKnownFileType = text.plist.xml; path = Info.plist; sourceTree = "<group>"; };
		B58DBB042865C90C00608EC4 /* MoviesTests.xctest */ = {isa = PBXFileReference; explicitFileType = wrapper.cfbundle; includeInIndex = 0; path = MoviesTests.xctest; sourceTree = BUILT_PRODUCTS_DIR; };
		B58DBB082865C90C00608EC4 /* MoviesTests.swift */ = {isa = PBXFileReference; lastKnownFileType = sourcecode.swift; path = MoviesTests.swift; sourceTree = "<group>"; };
		B58DBB0A2865C90C00608EC4 /* Info.plist */ = {isa = PBXFileReference; lastKnownFileType = text.plist.xml; path = Info.plist; sourceTree = "<group>"; };
		B58DBB0F2865C90C00608EC4 /* MoviesUITests.xctest */ = {isa = PBXFileReference; explicitFileType = wrapper.cfbundle; includeInIndex = 0; path = MoviesUITests.xctest; sourceTree = BUILT_PRODUCTS_DIR; };
		B58DBB132865C90C00608EC4 /* MoviesUITests.swift */ = {isa = PBXFileReference; lastKnownFileType = sourcecode.swift; path = MoviesUITests.swift; sourceTree = "<group>"; };
		B58DBB152865C90C00608EC4 /* Info.plist */ = {isa = PBXFileReference; lastKnownFileType = text.plist.xml; path = Info.plist; sourceTree = "<group>"; };
		B5C083D72869A87600F18A28 /* MovieListViewModel.swift */ = {isa = PBXFileReference; lastKnownFileType = sourcecode.swift; path = MovieListViewModel.swift; sourceTree = "<group>"; };
		B5C083E32869B10600F18A28 /* MoviesAPI.swift */ = {isa = PBXFileReference; lastKnownFileType = sourcecode.swift; path = MoviesAPI.swift; sourceTree = "<group>"; };
		B5C083E82869C36400F18A28 /* MovieListView.swift */ = {isa = PBXFileReference; lastKnownFileType = sourcecode.swift; path = MovieListView.swift; sourceTree = "<group>"; };
		B5C083ED2869C60C00F18A28 /* URLImage.swift */ = {isa = PBXFileReference; lastKnownFileType = sourcecode.swift; path = URLImage.swift; sourceTree = "<group>"; };
		B5C43229286DD7BD00BA8DD5 /* FilterView.swift */ = {isa = PBXFileReference; lastKnownFileType = sourcecode.swift; path = FilterView.swift; sourceTree = "<group>"; };
/* End PBXFileReference section */

/* Begin PBXFrameworksBuildPhase section */
		B58DBAF02865C90000608EC4 /* Frameworks */ = {
			isa = PBXFrameworksBuildPhase;
			buildActionMask = 2147483647;
			files = (
				5B71C039286B239400CE35A5 /* Kingfisher in Frameworks */,
				5B71C036286B21D800CE35A5 /* Kingfisher in Frameworks */,
			);
			runOnlyForDeploymentPostprocessing = 0;
		};
		B58DBB012865C90C00608EC4 /* Frameworks */ = {
			isa = PBXFrameworksBuildPhase;
			buildActionMask = 2147483647;
			files = (
			);
			runOnlyForDeploymentPostprocessing = 0;
		};
		B58DBB0C2865C90C00608EC4 /* Frameworks */ = {
			isa = PBXFrameworksBuildPhase;
			buildActionMask = 2147483647;
			files = (
			);
			runOnlyForDeploymentPostprocessing = 0;
		};
/* End PBXFrameworksBuildPhase section */

/* Begin PBXGroup section */
		5B51A0292866F4C00066A461 /* Model */ = {
			isa = PBXGroup;
			children = (
				5B51A02D286704380066A461 /* Movie.swift */,
				5BC075CD2869F040003EF429 /* MovieDetailModel.swift */,
			);
			path = Model;
			sourceTree = "<group>";
		};
		5B51A02B2866F4CD0066A461 /* View */ = {
			isa = PBXGroup;
			children = (
				B58DBAF82865C90000608EC4 /* ContentView.swift */,
				B5C083ED2869C60C00F18A28 /* URLImage.swift */,
				B5C43229286DD7BD00BA8DD5 /* FilterView.swift */,
				B5C083E82869C36400F18A28 /* MovieListView.swift */,
				B51851AC28742B8C004D6C43 /* TestFile.swift */,
				B5325A482869D2860020D485 /* SearchBar.swift */,
				5BC075D1286A2817003EF429 /* DetailView.swift */,
			);
			path = View;
			sourceTree = "<group>";
		};
		5B51A02C2866F4D50066A461 /* App */ = {
			isa = PBXGroup;
			children = (
				B58DBAF62865C90000608EC4 /* MoviesApp.swift */,
			);
			path = App;
			sourceTree = "<group>";
		};
		5B51A02F2867A2950066A461 /* Service */ = {
			isa = PBXGroup;
			children = (
				5B51A0302867A2BA0066A461 /* DownloaderClient.swift */,
			);
			path = Service;
			sourceTree = "<group>";
		};
		B58DBAEA2865C90000608EC4 = {
			isa = PBXGroup;
			children = (
				B58DBAF52865C90000608EC4 /* Movies */,
				B58DBB072865C90C00608EC4 /* MoviesTests */,
				B58DBB122865C90C00608EC4 /* MoviesUITests */,
				B58DBAF42865C90000608EC4 /* Products */,
			);
			sourceTree = "<group>";
		};
		B58DBAF42865C90000608EC4 /* Products */ = {
			isa = PBXGroup;
			children = (
				B58DBAF32865C90000608EC4 /* Movies.app */,
				B58DBB042865C90C00608EC4 /* MoviesTests.xctest */,
				B58DBB0F2865C90C00608EC4 /* MoviesUITests.xctest */,
			);
			name = Products;
			sourceTree = "<group>";
		};
		B58DBAF52865C90000608EC4 /* Movies */ = {
			isa = PBXGroup;
			children = (
				B5C083DF2869B0F500F18A28 /* API */,
				5B51A02F2867A2950066A461 /* Service */,
				5B51A02C2866F4D50066A461 /* App */,
				5B51A02B2866F4CD0066A461 /* View */,
				B5C083D62869A85D00F18A28 /* ViewModel */,
				5B51A0292866F4C00066A461 /* Model */,
				B58DBAFA2865C90C00608EC4 /* Assets.xcassets */,
				B58DBAFF2865C90C00608EC4 /* Info.plist */,
				B58DBAFC2865C90C00608EC4 /* Preview Content */,
			);
			path = Movies;
			sourceTree = "<group>";
		};
		B58DBAFC2865C90C00608EC4 /* Preview Content */ = {
			isa = PBXGroup;
			children = (
				B58DBAFD2865C90C00608EC4 /* Preview Assets.xcassets */,
			);
			path = "Preview Content";
			sourceTree = "<group>";
		};
		B58DBB072865C90C00608EC4 /* MoviesTests */ = {
			isa = PBXGroup;
			children = (
				B58DBB082865C90C00608EC4 /* MoviesTests.swift */,
				B58DBB0A2865C90C00608EC4 /* Info.plist */,
			);
			path = MoviesTests;
			sourceTree = "<group>";
		};
		B58DBB122865C90C00608EC4 /* MoviesUITests */ = {
			isa = PBXGroup;
			children = (
				B58DBB132865C90C00608EC4 /* MoviesUITests.swift */,
				B58DBB152865C90C00608EC4 /* Info.plist */,
			);
			path = MoviesUITests;
			sourceTree = "<group>";
		};
		B5C083D62869A85D00F18A28 /* ViewModel */ = {
			isa = PBXGroup;
			children = (
				B5C083D72869A87600F18A28 /* MovieListViewModel.swift */,
				5BC075CF286A0D2B003EF429 /* MovieDetailViewModel.swift */,
			);
			path = ViewModel;
			sourceTree = "<group>";
		};
		B5C083DF2869B0F500F18A28 /* API */ = {
			isa = PBXGroup;
			children = (
				B5C083E32869B10600F18A28 /* MoviesAPI.swift */,
			);
			path = API;
			sourceTree = "<group>";
		};
/* End PBXGroup section */

/* Begin PBXNativeTarget section */
		B58DBAF22865C90000608EC4 /* Movies */ = {
			isa = PBXNativeTarget;
			buildConfigurationList = B58DBB182865C90C00608EC4 /* Build configuration list for PBXNativeTarget "Movies" */;
			buildPhases = (
				B58DBAEF2865C90000608EC4 /* Sources */,
				B58DBAF02865C90000608EC4 /* Frameworks */,
				B58DBAF12865C90000608EC4 /* Resources */,
			);
			buildRules = (
			);
			dependencies = (
			);
			name = Movies;
			packageProductDependencies = (
				5B71C035286B21D800CE35A5 /* Kingfisher */,
				5B71C038286B239400CE35A5 /* Kingfisher */,
			);
			productName = Movies;
			productReference = B58DBAF32865C90000608EC4 /* Movies.app */;
			productType = "com.apple.product-type.application";
		};
		B58DBB032865C90C00608EC4 /* MoviesTests */ = {
			isa = PBXNativeTarget;
			buildConfigurationList = B58DBB1B2865C90C00608EC4 /* Build configuration list for PBXNativeTarget "MoviesTests" */;
			buildPhases = (
				B58DBB002865C90C00608EC4 /* Sources */,
				B58DBB012865C90C00608EC4 /* Frameworks */,
				B58DBB022865C90C00608EC4 /* Resources */,
			);
			buildRules = (
			);
			dependencies = (
				B58DBB062865C90C00608EC4 /* PBXTargetDependency */,
			);
			name = MoviesTests;
			productName = MoviesTests;
			productReference = B58DBB042865C90C00608EC4 /* MoviesTests.xctest */;
			productType = "com.apple.product-type.bundle.unit-test";
		};
		B58DBB0E2865C90C00608EC4 /* MoviesUITests */ = {
			isa = PBXNativeTarget;
			buildConfigurationList = B58DBB1E2865C90C00608EC4 /* Build configuration list for PBXNativeTarget "MoviesUITests" */;
			buildPhases = (
				B58DBB0B2865C90C00608EC4 /* Sources */,
				B58DBB0C2865C90C00608EC4 /* Frameworks */,
				B58DBB0D2865C90C00608EC4 /* Resources */,
			);
			buildRules = (
			);
			dependencies = (
				B58DBB112865C90C00608EC4 /* PBXTargetDependency */,
			);
			name = MoviesUITests;
			productName = MoviesUITests;
			productReference = B58DBB0F2865C90C00608EC4 /* MoviesUITests.xctest */;
			productType = "com.apple.product-type.bundle.ui-testing";
		};
/* End PBXNativeTarget section */

/* Begin PBXProject section */
		B58DBAEB2865C90000608EC4 /* Project object */ = {
			isa = PBXProject;
			attributes = {
				LastSwiftUpdateCheck = 1230;
				LastUpgradeCheck = 1230;
				TargetAttributes = {
					B58DBAF22865C90000608EC4 = {
						CreatedOnToolsVersion = 12.3;
					};
					B58DBB032865C90C00608EC4 = {
						CreatedOnToolsVersion = 12.3;
						TestTargetID = B58DBAF22865C90000608EC4;
					};
					B58DBB0E2865C90C00608EC4 = {
						CreatedOnToolsVersion = 12.3;
						TestTargetID = B58DBAF22865C90000608EC4;
					};
				};
			};
			buildConfigurationList = B58DBAEE2865C90000608EC4 /* Build configuration list for PBXProject "Movies" */;
			compatibilityVersion = "Xcode 9.3";
			developmentRegion = en;
			hasScannedForEncodings = 0;
			knownRegions = (
				en,
				Base,
			);
			mainGroup = B58DBAEA2865C90000608EC4;
			packageReferences = (
				5B71C034286B21D800CE35A5 /* XCRemoteSwiftPackageReference "Kingfisher" */,
				5B71C037286B239400CE35A5 /* XCRemoteSwiftPackageReference "Kingfisher" */,
			);
			productRefGroup = B58DBAF42865C90000608EC4 /* Products */;
			projectDirPath = "";
			projectRoot = "";
			targets = (
				B58DBAF22865C90000608EC4 /* Movies */,
				B58DBB032865C90C00608EC4 /* MoviesTests */,
				B58DBB0E2865C90C00608EC4 /* MoviesUITests */,
			);
		};
/* End PBXProject section */

/* Begin PBXResourcesBuildPhase section */
		B58DBAF12865C90000608EC4 /* Resources */ = {
			isa = PBXResourcesBuildPhase;
			buildActionMask = 2147483647;
			files = (
				B58DBAFE2865C90C00608EC4 /* Preview Assets.xcassets in Resources */,
				B58DBAFB2865C90C00608EC4 /* Assets.xcassets in Resources */,
			);
			runOnlyForDeploymentPostprocessing = 0;
		};
		B58DBB022865C90C00608EC4 /* Resources */ = {
			isa = PBXResourcesBuildPhase;
			buildActionMask = 2147483647;
			files = (
			);
			runOnlyForDeploymentPostprocessing = 0;
		};
		B58DBB0D2865C90C00608EC4 /* Resources */ = {
			isa = PBXResourcesBuildPhase;
			buildActionMask = 2147483647;
			files = (
			);
			runOnlyForDeploymentPostprocessing = 0;
		};
/* End PBXResourcesBuildPhase section */

/* Begin PBXSourcesBuildPhase section */
		B58DBAEF2865C90000608EC4 /* Sources */ = {
			isa = PBXSourcesBuildPhase;
			buildActionMask = 2147483647;
			files = (
				B5C4322A286DD7BD00BA8DD5 /* FilterView.swift in Sources */,
				B58DBAF92865C90000608EC4 /* ContentView.swift in Sources */,
				5BC075D2286A2817003EF429 /* DetailView.swift in Sources */,
				B51851AD28742B8C004D6C43 /* TestFile.swift in Sources */,
				B5C083E92869C36400F18A28 /* MovieListView.swift in Sources */,
				5B51A02E286704380066A461 /* Movie.swift in Sources */,
				B58DBAF72865C90000608EC4 /* MoviesApp.swift in Sources */,
				5B51A0312867A2BA0066A461 /* DownloaderClient.swift in Sources */,
				B5325A492869D2860020D485 /* SearchBar.swift in Sources */,
				5BC075D0286A0D2B003EF429 /* MovieDetailViewModel.swift in Sources */,
				B5C083D82869A87600F18A28 /* MovieListViewModel.swift in Sources */,
				B5C083E42869B10600F18A28 /* MoviesAPI.swift in Sources */,
				B5C083EE2869C60C00F18A28 /* URLImage.swift in Sources */,
				5BC075CE2869F040003EF429 /* MovieDetailModel.swift in Sources */,
			);
			runOnlyForDeploymentPostprocessing = 0;
		};
		B58DBB002865C90C00608EC4 /* Sources */ = {
			isa = PBXSourcesBuildPhase;
			buildActionMask = 2147483647;
			files = (
				B58DBB092865C90C00608EC4 /* MoviesTests.swift in Sources */,
			);
			runOnlyForDeploymentPostprocessing = 0;
		};
		B58DBB0B2865C90C00608EC4 /* Sources */ = {
			isa = PBXSourcesBuildPhase;
			buildActionMask = 2147483647;
			files = (
				B58DBB142865C90C00608EC4 /* MoviesUITests.swift in Sources */,
			);
			runOnlyForDeploymentPostprocessing = 0;
		};
/* End PBXSourcesBuildPhase section */

/* Begin PBXTargetDependency section */
		B58DBB062865C90C00608EC4 /* PBXTargetDependency */ = {
			isa = PBXTargetDependency;
			target = B58DBAF22865C90000608EC4 /* Movies */;
			targetProxy = B58DBB052865C90C00608EC4 /* PBXContainerItemProxy */;
		};
		B58DBB112865C90C00608EC4 /* PBXTargetDependency */ = {
			isa = PBXTargetDependency;
			target = B58DBAF22865C90000608EC4 /* Movies */;
			targetProxy = B58DBB102865C90C00608EC4 /* PBXContainerItemProxy */;
		};
/* End PBXTargetDependency section */

/* Begin XCBuildConfiguration section */
		B58DBB162865C90C00608EC4 /* Debug */ = {
			isa = XCBuildConfiguration;
			buildSettings = {
				ALWAYS_SEARCH_USER_PATHS = NO;
				CLANG_ANALYZER_NONNULL = YES;
				CLANG_ANALYZER_NUMBER_OBJECT_CONVERSION = YES_AGGRESSIVE;
				CLANG_CXX_LANGUAGE_STANDARD = "gnu++14";
				CLANG_CXX_LIBRARY = "libc++";
				CLANG_ENABLE_MODULES = YES;
				CLANG_ENABLE_OBJC_ARC = YES;
				CLANG_ENABLE_OBJC_WEAK = YES;
				CLANG_WARN_BLOCK_CAPTURE_AUTORELEASING = YES;
				CLANG_WARN_BOOL_CONVERSION = YES;
				CLANG_WARN_COMMA = YES;
				CLANG_WARN_CONSTANT_CONVERSION = YES;
				CLANG_WARN_DEPRECATED_OBJC_IMPLEMENTATIONS = YES;
				CLANG_WARN_DIRECT_OBJC_ISA_USAGE = YES_ERROR;
				CLANG_WARN_DOCUMENTATION_COMMENTS = YES;
				CLANG_WARN_EMPTY_BODY = YES;
				CLANG_WARN_ENUM_CONVERSION = YES;
				CLANG_WARN_INFINITE_RECURSION = YES;
				CLANG_WARN_INT_CONVERSION = YES;
				CLANG_WARN_NON_LITERAL_NULL_CONVERSION = YES;
				CLANG_WARN_OBJC_IMPLICIT_RETAIN_SELF = YES;
				CLANG_WARN_OBJC_LITERAL_CONVERSION = YES;
				CLANG_WARN_OBJC_ROOT_CLASS = YES_ERROR;
				CLANG_WARN_QUOTED_INCLUDE_IN_FRAMEWORK_HEADER = YES;
				CLANG_WARN_RANGE_LOOP_ANALYSIS = YES;
				CLANG_WARN_STRICT_PROTOTYPES = YES;
				CLANG_WARN_SUSPICIOUS_MOVE = YES;
				CLANG_WARN_UNGUARDED_AVAILABILITY = YES_AGGRESSIVE;
				CLANG_WARN_UNREACHABLE_CODE = YES;
				CLANG_WARN__DUPLICATE_METHOD_MATCH = YES;
				COPY_PHASE_STRIP = NO;
				DEBUG_INFORMATION_FORMAT = dwarf;
				ENABLE_STRICT_OBJC_MSGSEND = YES;
				ENABLE_TESTABILITY = YES;
				GCC_C_LANGUAGE_STANDARD = gnu11;
				GCC_DYNAMIC_NO_PIC = NO;
				GCC_NO_COMMON_BLOCKS = YES;
				GCC_OPTIMIZATION_LEVEL = 0;
				GCC_PREPROCESSOR_DEFINITIONS = (
					"DEBUG=1",
					"$(inherited)",
				);
				GCC_WARN_64_TO_32_BIT_CONVERSION = YES;
				GCC_WARN_ABOUT_RETURN_TYPE = YES_ERROR;
				GCC_WARN_UNDECLARED_SELECTOR = YES;
				GCC_WARN_UNINITIALIZED_AUTOS = YES_AGGRESSIVE;
				GCC_WARN_UNUSED_FUNCTION = YES;
				GCC_WARN_UNUSED_VARIABLE = YES;
				IPHONEOS_DEPLOYMENT_TARGET = 14.3;
				MTL_ENABLE_DEBUG_INFO = INCLUDE_SOURCE;
				MTL_FAST_MATH = YES;
				ONLY_ACTIVE_ARCH = YES;
				SDKROOT = iphoneos;
				SWIFT_ACTIVE_COMPILATION_CONDITIONS = DEBUG;
				SWIFT_OPTIMIZATION_LEVEL = "-Onone";
			};
			name = Debug;
		};
		B58DBB172865C90C00608EC4 /* Release */ = {
			isa = XCBuildConfiguration;
			buildSettings = {
				ALWAYS_SEARCH_USER_PATHS = NO;
				CLANG_ANALYZER_NONNULL = YES;
				CLANG_ANALYZER_NUMBER_OBJECT_CONVERSION = YES_AGGRESSIVE;
				CLANG_CXX_LANGUAGE_STANDARD = "gnu++14";
				CLANG_CXX_LIBRARY = "libc++";
				CLANG_ENABLE_MODULES = YES;
				CLANG_ENABLE_OBJC_ARC = YES;
				CLANG_ENABLE_OBJC_WEAK = YES;
				CLANG_WARN_BLOCK_CAPTURE_AUTORELEASING = YES;
				CLANG_WARN_BOOL_CONVERSION = YES;
				CLANG_WARN_COMMA = YES;
				CLANG_WARN_CONSTANT_CONVERSION = YES;
				CLANG_WARN_DEPRECATED_OBJC_IMPLEMENTATIONS = YES;
				CLANG_WARN_DIRECT_OBJC_ISA_USAGE = YES_ERROR;
				CLANG_WARN_DOCUMENTATION_COMMENTS = YES;
				CLANG_WARN_EMPTY_BODY = YES;
				CLANG_WARN_ENUM_CONVERSION = YES;
				CLANG_WARN_INFINITE_RECURSION = YES;
				CLANG_WARN_INT_CONVERSION = YES;
				CLANG_WARN_NON_LITERAL_NULL_CONVERSION = YES;
				CLANG_WARN_OBJC_IMPLICIT_RETAIN_SELF = YES;
				CLANG_WARN_OBJC_LITERAL_CONVERSION = YES;
				CLANG_WARN_OBJC_ROOT_CLASS = YES_ERROR;
				CLANG_WARN_QUOTED_INCLUDE_IN_FRAMEWORK_HEADER = YES;
				CLANG_WARN_RANGE_LOOP_ANALYSIS = YES;
				CLANG_WARN_STRICT_PROTOTYPES = YES;
				CLANG_WARN_SUSPICIOUS_MOVE = YES;
				CLANG_WARN_UNGUARDED_AVAILABILITY = YES_AGGRESSIVE;
				CLANG_WARN_UNREACHABLE_CODE = YES;
				CLANG_WARN__DUPLICATE_METHOD_MATCH = YES;
				COPY_PHASE_STRIP = NO;
				DEBUG_INFORMATION_FORMAT = "dwarf-with-dsym";
				ENABLE_NS_ASSERTIONS = NO;
				ENABLE_STRICT_OBJC_MSGSEND = YES;
				GCC_C_LANGUAGE_STANDARD = gnu11;
				GCC_NO_COMMON_BLOCKS = YES;
				GCC_WARN_64_TO_32_BIT_CONVERSION = YES;
				GCC_WARN_ABOUT_RETURN_TYPE = YES_ERROR;
				GCC_WARN_UNDECLARED_SELECTOR = YES;
				GCC_WARN_UNINITIALIZED_AUTOS = YES_AGGRESSIVE;
				GCC_WARN_UNUSED_FUNCTION = YES;
				GCC_WARN_UNUSED_VARIABLE = YES;
				IPHONEOS_DEPLOYMENT_TARGET = 14.3;
				MTL_ENABLE_DEBUG_INFO = NO;
				MTL_FAST_MATH = YES;
				SDKROOT = iphoneos;
				SWIFT_COMPILATION_MODE = wholemodule;
				SWIFT_OPTIMIZATION_LEVEL = "-O";
				VALIDATE_PRODUCT = YES;
			};
			name = Release;
		};
		B58DBB192865C90C00608EC4 /* Debug */ = {
			isa = XCBuildConfiguration;
			buildSettings = {
				ASSETCATALOG_COMPILER_APPICON_NAME = AppIcon;
				ASSETCATALOG_COMPILER_GLOBAL_ACCENT_COLOR_NAME = AccentColor;
				CODE_SIGN_STYLE = Automatic;
				DEVELOPMENT_ASSET_PATHS = "\"Movies/Preview Content\"";
				DEVELOPMENT_TEAM = 72R2QPEJM2;
				ENABLE_PREVIEWS = YES;
				INFOPLIST_FILE = Movies/Info.plist;
				IPHONEOS_DEPLOYMENT_TARGET = 14.0;
				LD_RUNPATH_SEARCH_PATHS = (
					"$(inherited)",
					"@executable_path/Frameworks",
				);
				PRODUCT_BUNDLE_IDENTIFIER = com.enverygtlr.Movies;
				PRODUCT_NAME = "$(TARGET_NAME)";
				SWIFT_VERSION = 5.0;
				TARGETED_DEVICE_FAMILY = "1,2";
			};
			name = Debug;
		};
		B58DBB1A2865C90C00608EC4 /* Release */ = {
			isa = XCBuildConfiguration;
			buildSettings = {
				ASSETCATALOG_COMPILER_APPICON_NAME = AppIcon;
				ASSETCATALOG_COMPILER_GLOBAL_ACCENT_COLOR_NAME = AccentColor;
				CODE_SIGN_STYLE = Automatic;
				DEVELOPMENT_ASSET_PATHS = "\"Movies/Preview Content\"";
				DEVELOPMENT_TEAM = 72R2QPEJM2;
				ENABLE_PREVIEWS = YES;
				INFOPLIST_FILE = Movies/Info.plist;
				IPHONEOS_DEPLOYMENT_TARGET = 14.0;
				LD_RUNPATH_SEARCH_PATHS = (
					"$(inherited)",
					"@executable_path/Frameworks",
				);
				PRODUCT_BUNDLE_IDENTIFIER = com.enverygtlr.Movies;
				PRODUCT_NAME = "$(TARGET_NAME)";
				SWIFT_VERSION = 5.0;
				TARGETED_DEVICE_FAMILY = "1,2";
			};
			name = Release;
		};
		B58DBB1C2865C90C00608EC4 /* Debug */ = {
			isa = XCBuildConfiguration;
			buildSettings = {
				ALWAYS_EMBED_SWIFT_STANDARD_LIBRARIES = YES;
				BUNDLE_LOADER = "$(TEST_HOST)";
				CODE_SIGN_STYLE = Automatic;
				DEVELOPMENT_TEAM = 72R2QPEJM2;
				INFOPLIST_FILE = MoviesTests/Info.plist;
				IPHONEOS_DEPLOYMENT_TARGET = 14.0;
				LD_RUNPATH_SEARCH_PATHS = (
					"$(inherited)",
					"@executable_path/Frameworks",
					"@loader_path/Frameworks",
				);
				PRODUCT_BUNDLE_IDENTIFIER = com.enverygtlr.MoviesTests;
				PRODUCT_NAME = "$(TARGET_NAME)";
				SWIFT_VERSION = 5.0;
				TARGETED_DEVICE_FAMILY = "1,2";
				TEST_HOST = "$(BUILT_PRODUCTS_DIR)/Movies.app/Movies";
			};
			name = Debug;
		};
		B58DBB1D2865C90C00608EC4 /* Release */ = {
			isa = XCBuildConfiguration;
			buildSettings = {
				ALWAYS_EMBED_SWIFT_STANDARD_LIBRARIES = YES;
				BUNDLE_LOADER = "$(TEST_HOST)";
				CODE_SIGN_STYLE = Automatic;
				DEVELOPMENT_TEAM = 72R2QPEJM2;
				INFOPLIST_FILE = MoviesTests/Info.plist;
				IPHONEOS_DEPLOYMENT_TARGET = 14.0;
				LD_RUNPATH_SEARCH_PATHS = (
					"$(inherited)",
					"@executable_path/Frameworks",
					"@loader_path/Frameworks",
				);
				PRODUCT_BUNDLE_IDENTIFIER = com.enverygtlr.MoviesTests;
				PRODUCT_NAME = "$(TARGET_NAME)";
				SWIFT_VERSION = 5.0;
				TARGETED_DEVICE_FAMILY = "1,2";
				TEST_HOST = "$(BUILT_PRODUCTS_DIR)/Movies.app/Movies";
			};
			name = Release;
		};
		B58DBB1F2865C90C00608EC4 /* Debug */ = {
			isa = XCBuildConfiguration;
			buildSettings = {
				ALWAYS_EMBED_SWIFT_STANDARD_LIBRARIES = YES;
				CODE_SIGN_STYLE = Automatic;
				DEVELOPMENT_TEAM = 72R2QPEJM2;
				INFOPLIST_FILE = MoviesUITests/Info.plist;
				LD_RUNPATH_SEARCH_PATHS = (
					"$(inherited)",
					"@executable_path/Frameworks",
					"@loader_path/Frameworks",
				);
				PRODUCT_BUNDLE_IDENTIFIER = com.enverygtlr.MoviesUITests;
				PRODUCT_NAME = "$(TARGET_NAME)";
				SWIFT_VERSION = 5.0;
				TARGETED_DEVICE_FAMILY = "1,2";
				TEST_TARGET_NAME = Movies;
			};
			name = Debug;
		};
		B58DBB202865C90C00608EC4 /* Release */ = {
			isa = XCBuildConfiguration;
			buildSettings = {
				ALWAYS_EMBED_SWIFT_STANDARD_LIBRARIES = YES;
				CODE_SIGN_STYLE = Automatic;
				DEVELOPMENT_TEAM = 72R2QPEJM2;
				INFOPLIST_FILE = MoviesUITests/Info.plist;
				LD_RUNPATH_SEARCH_PATHS = (
					"$(inherited)",
					"@executable_path/Frameworks",
					"@loader_path/Frameworks",
				);
				PRODUCT_BUNDLE_IDENTIFIER = com.enverygtlr.MoviesUITests;
				PRODUCT_NAME = "$(TARGET_NAME)";
				SWIFT_VERSION = 5.0;
				TARGETED_DEVICE_FAMILY = "1,2";
				TEST_TARGET_NAME = Movies;
			};
			name = Release;
		};
/* End XCBuildConfiguration section */

/* Begin XCConfigurationList section */
		B58DBAEE2865C90000608EC4 /* Build configuration list for PBXProject "Movies" */ = {
			isa = XCConfigurationList;
			buildConfigurations = (
				B58DBB162865C90C00608EC4 /* Debug */,
				B58DBB172865C90C00608EC4 /* Release */,
			);
			defaultConfigurationIsVisible = 0;
			defaultConfigurationName = Release;
		};
		B58DBB182865C90C00608EC4 /* Build configuration list for PBXNativeTarget "Movies" */ = {
			isa = XCConfigurationList;
			buildConfigurations = (
				B58DBB192865C90C00608EC4 /* Debug */,
				B58DBB1A2865C90C00608EC4 /* Release */,
			);
			defaultConfigurationIsVisible = 0;
			defaultConfigurationName = Release;
		};
		B58DBB1B2865C90C00608EC4 /* Build configuration list for PBXNativeTarget "MoviesTests" */ = {
			isa = XCConfigurationList;
			buildConfigurations = (
				B58DBB1C2865C90C00608EC4 /* Debug */,
				B58DBB1D2865C90C00608EC4 /* Release */,
			);
			defaultConfigurationIsVisible = 0;
			defaultConfigurationName = Release;
		};
		B58DBB1E2865C90C00608EC4 /* Build configuration list for PBXNativeTarget "MoviesUITests" */ = {
			isa = XCConfigurationList;
			buildConfigurations = (
				B58DBB1F2865C90C00608EC4 /* Debug */,
				B58DBB202865C90C00608EC4 /* Release */,
			);
			defaultConfigurationIsVisible = 0;
			defaultConfigurationName = Release;
		};
/* End XCConfigurationList section */

/* Begin XCRemoteSwiftPackageReference section */
		5B71C034286B21D800CE35A5 /* XCRemoteSwiftPackageReference "Kingfisher" */ = {
			isa = XCRemoteSwiftPackageReference;
			repositoryURL = "https://github.com/onevcat/Kingfisher";
			requirement = {
				branch = master;
				kind = branch;
			};
		};
		5B71C037286B239400CE35A5 /* XCRemoteSwiftPackageReference "Kingfisher" */ = {
			isa = XCRemoteSwiftPackageReference;
			repositoryURL = "https://github.com/onevcat/Kingfisher";
			requirement = {
				branch = master;
				kind = branch;
			};
		};
/* End XCRemoteSwiftPackageReference section */

/* Begin XCSwiftPackageProductDependency section */
		5B71C035286B21D800CE35A5 /* Kingfisher */ = {
			isa = XCSwiftPackageProductDependency;
			package = 5B71C034286B21D800CE35A5 /* XCRemoteSwiftPackageReference "Kingfisher" */;
			productName = Kingfisher;
		};
		5B71C038286B239400CE35A5 /* Kingfisher */ = {
			isa = XCSwiftPackageProductDependency;
			package = 5B71C034286B21D800CE35A5 /* XCRemoteSwiftPackageReference "Kingfisher" */;
			productName = Kingfisher;
		};
/* End XCSwiftPackageProductDependency section */
	};
	rootObject = B58DBAEB2865C90000608EC4 /* Project object */;
}
